
Microsoft Visual Studio Solution File, Format Version 12.00
# Visual Studio Version 17
VisualStudioVersion = 17.9.34902.65
MinimumVisualStudioVersion = 10.0.40219.1
Project("{FAE04EC0-301F-11D3-BF4B-00C04F79EFBC}") = "bank", "bank.csproj", "{20F6D2AB-24BB-4CDE-AC27-492AABE00167}"
EndProject
Global
	GlobalSection(SolutionConfigurationPlatforms) = preSolution
		Debug|Any CPU = Debug|Any CPU
		Release|Any CPU = Release|Any CPU
	EndGlobalSection
	GlobalSection(ProjectConfigurationPlatforms) = postSolution
		{20F6D2AB-24BB-4CDE-AC27-492AABE00167}.Debug|Any CPU.ActiveCfg = Debug|Any CPU
		{20F6D2AB-24BB-4CDE-AC27-492AABE00167}.Debug|Any CPU.Build.0 = Debug|Any CPU
		{20F6D2AB-24BB-4CDE-AC27-492AABE00167}.Release|Any CPU.ActiveCfg = Release|Any CPU
		{20F6D2AB-24BB-4CDE-AC27-492AABE00167}.Release|Any CPU.Build.0 = Release|Any CPU
	EndGlobalSection
	GlobalSection(SolutionProperties) = preSolution
		HideSolutionNode = FALSE
	EndGlobalSection
	GlobalSection(ExtensibilityGlobals) = postSolution
		SolutionGuid = {C97AB724-7187-417C-B874-57946D3EA6FD}
	EndGlobalSection
EndGlobal
